
Microsoft Visual Studio Solution File, Format Version 12.00
# Visual Studio Version 17
VisualStudioVersion = 17.12.35707.178
MinimumVisualStudioVersion = 10.0.40219.1
Project("{FAE04EC0-301F-11D3-BF4B-00C04F79EFBC}") = "Frontend", "Frontend\Frontend.csproj", "{259DB76C-6B9E-41BF-A455-31A9B4EFF759}"
EndProject
Project("{FAE04EC0-301F-11D3-BF4B-00C04F79EFBC}") = "Backend", "Backend\Backend.csproj", "{ECBBBE26-2326-4242-96BC-88B3CB88AE5C}"
EndProject
Global
	GlobalSection(SolutionConfigurationPlatforms) = preSolution
		Debug|Any CPU = Debug|Any CPU
		Release|Any CPU = Release|Any CPU
	EndGlobalSection
	GlobalSection(ProjectConfigurationPlatforms) = postSolution
		{259DB76C-6B9E-41BF-A455-31A9B4EFF759}.Debug|Any CPU.ActiveCfg = Debug|Any CPU
		{259DB76C-6B9E-41BF-A455-31A9B4EFF759}.Debug|Any CPU.Build.0 = Debug|Any CPU
		{259DB76C-6B9E-41BF-A455-31A9B4EFF759}.Release|Any CPU.ActiveCfg = Release|Any CPU
		{259DB76C-6B9E-41BF-A455-31A9B4EFF759}.Release|Any CPU.Build.0 = Release|Any CPU
		{ECBBBE26-2326-4242-96BC-88B3CB88AE5C}.Debug|Any CPU.ActiveCfg = Debug|Any CPU
		{ECBBBE26-2326-4242-96BC-88B3CB88AE5C}.Debug|Any CPU.Build.0 = Debug|Any CPU
		{ECBBBE26-2326-4242-96BC-88B3CB88AE5C}.Release|Any CPU.ActiveCfg = Release|Any CPU
		{ECBBBE26-2326-4242-96BC-88B3CB88AE5C}.Release|Any CPU.Build.0 = Release|Any CPU
	EndGlobalSection
	GlobalSection(SolutionProperties) = preSolution
		HideSolutionNode = FALSE
	EndGlobalSection
EndGlobal
